
Microsoft Visual Studio Solution File, Format Version 12.00
# Visual Studio Version 17
VisualStudioVersion = 17.7.34031.279
MinimumVisualStudioVersion = 10.0.40219.1
Project("{FAE04EC0-301F-11D3-BF4B-00C04F79EFBC}") = "Contact", "Contact\Contact.csproj", "{A6203CE4-3A54-4014-AD58-8C3C2551A8FF}"
EndProject
Project("{FAE04EC0-301F-11D3-BF4B-00C04F79EFBC}") = "TestProject1", "TestProject1\TestProject1.csproj", "{EE6256B2-4309-45F1-B334-DF693FC22875}"
EndProject
Global
	GlobalSection(SolutionConfigurationPlatforms) = preSolution
		Debug|Any CPU = Debug|Any CPU
		Release|Any CPU = Release|Any CPU
	EndGlobalSection
	GlobalSection(ProjectConfigurationPlatforms) = postSolution
		{A6203CE4-3A54-4014-AD58-8C3C2551A8FF}.Debug|Any CPU.ActiveCfg = Debug|Any CPU
		{A6203CE4-3A54-4014-AD58-8C3C2551A8FF}.Debug|Any CPU.Build.0 = Debug|Any CPU
		{A6203CE4-3A54-4014-AD58-8C3C2551A8FF}.Release|Any CPU.ActiveCfg = Release|Any CPU
		{A6203CE4-3A54-4014-AD58-8C3C2551A8FF}.Release|Any CPU.Build.0 = Release|Any CPU
		{EE6256B2-4309-45F1-B334-DF693FC22875}.Debug|Any CPU.ActiveCfg = Debug|Any CPU
		{EE6256B2-4309-45F1-B334-DF693FC22875}.Debug|Any CPU.Build.0 = Debug|Any CPU
		{EE6256B2-4309-45F1-B334-DF693FC22875}.Release|Any CPU.ActiveCfg = Release|Any CPU
		{EE6256B2-4309-45F1-B334-DF693FC22875}.Release|Any CPU.Build.0 = Release|Any CPU
	EndGlobalSection
	GlobalSection(SolutionProperties) = preSolution
		HideSolutionNode = FALSE
	EndGlobalSection
	GlobalSection(ExtensibilityGlobals) = postSolution
		SolutionGuid = {AFA1B239-E348-4114-BAB6-71AAA1F6BFBD}
	EndGlobalSection
EndGlobal
